
Microsoft Visual Studio Solution File, Format Version 12.00
# Visual Studio Version 17
VisualStudioVersion = 17.5.33627.172
MinimumVisualStudioVersion = 10.0.40219.1
Project("{FAE04EC0-301F-11D3-BF4B-00C04F79EFBC}") = "SampleAPI", "SampleAPI\SampleAPI.csproj", "{EE912CA0-5F7A-409D-AC54-5FAD0FF8D887}"
EndProject
Project("{FAE04EC0-301F-11D3-BF4B-00C04F79EFBC}") = "SampleAPI.Tests", "SampleAPI.Tests\SampleAPI.Tests.csproj", "{7C5723DE-48F4-477E-AC84-0C1F8571445E}"
EndProject
Global
	GlobalSection(SolutionConfigurationPlatforms) = preSolution
		Debug|Any CPU = Debug|Any CPU
		Release|Any CPU = Release|Any CPU
	EndGlobalSection
	GlobalSection(ProjectConfigurationPlatforms) = postSolution
		{EE912CA0-5F7A-409D-AC54-5FAD0FF8D887}.Debug|Any CPU.ActiveCfg = Debug|Any CPU
		{EE912CA0-5F7A-409D-AC54-5FAD0FF8D887}.Debug|Any CPU.Build.0 = Debug|Any CPU
		{EE912CA0-5F7A-409D-AC54-5FAD0FF8D887}.Release|Any CPU.ActiveCfg = Release|Any CPU
		{EE912CA0-5F7A-409D-AC54-5FAD0FF8D887}.Release|Any CPU.Build.0 = Release|Any CPU
		{7C5723DE-48F4-477E-AC84-0C1F8571445E}.Debug|Any CPU.ActiveCfg = Debug|Any CPU
		{7C5723DE-48F4-477E-AC84-0C1F8571445E}.Debug|Any CPU.Build.0 = Debug|Any CPU
		{7C5723DE-48F4-477E-AC84-0C1F8571445E}.Release|Any CPU.ActiveCfg = Release|Any CPU
		{7C5723DE-48F4-477E-AC84-0C1F8571445E}.Release|Any CPU.Build.0 = Release|Any CPU
	EndGlobalSection
	GlobalSection(SolutionProperties) = preSolution
		HideSolutionNode = FALSE
	EndGlobalSection
	GlobalSection(ExtensibilityGlobals) = postSolution
		SolutionGuid = {203E8A10-2B7D-486B-B5A7-4C50E165AA2D}
	EndGlobalSection
EndGlobal
